
Microsoft Visual Studio Solution File, Format Version 12.00
# Visual Studio Version 16
VisualStudioVersion = 16.0.29728.190
MinimumVisualStudioVersion = 10.0.40219.1
Project("{FAE04EC0-301F-11D3-BF4B-00C04F79EFBC}") = "StarWars_API_Lab", "StarWars_API_Lab.csproj", "{899CFEEB-8196-4837-97FD-68CAF4EE58C2}"
EndProject
Global
	GlobalSection(SolutionConfigurationPlatforms) = preSolution
		Debug|Any CPU = Debug|Any CPU
		Release|Any CPU = Release|Any CPU
	EndGlobalSection
	GlobalSection(ProjectConfigurationPlatforms) = postSolution
		{899CFEEB-8196-4837-97FD-68CAF4EE58C2}.Debug|Any CPU.ActiveCfg = Debug|Any CPU
		{899CFEEB-8196-4837-97FD-68CAF4EE58C2}.Debug|Any CPU.Build.0 = Debug|Any CPU
		{899CFEEB-8196-4837-97FD-68CAF4EE58C2}.Release|Any CPU.ActiveCfg = Release|Any CPU
		{899CFEEB-8196-4837-97FD-68CAF4EE58C2}.Release|Any CPU.Build.0 = Release|Any CPU
	EndGlobalSection
	GlobalSection(SolutionProperties) = preSolution
		HideSolutionNode = FALSE
	EndGlobalSection
	GlobalSection(ExtensibilityGlobals) = postSolution
		SolutionGuid = {8513A0C2-DD19-4A28-B294-E3AD05438092}
	EndGlobalSection
EndGlobal
